
Microsoft Visual Studio Solution File, Format Version 12.00
# Visual Studio Version 16
VisualStudioVersion = 16.0.30717.126
MinimumVisualStudioVersion = 10.0.40219.1
Project("{FAE04EC0-301F-11D3-BF4B-00C04F79EFBC}") = "Test.Sockets", "Test.Sockets\Test.Sockets.csproj", "{5628C8C3-627F-45D1-BE95-BAAAC2A3AD5B}"
EndProject
Project("{FAE04EC0-301F-11D3-BF4B-00C04F79EFBC}") = "Server.Grafica", "Server.Grafica\Server.Grafica.csproj", "{5430273D-9348-4931-8CC2-16187B8E1F03}"
EndProject
Global
	GlobalSection(SolutionConfigurationPlatforms) = preSolution
		Debug|Any CPU = Debug|Any CPU
		Release|Any CPU = Release|Any CPU
	EndGlobalSection
	GlobalSection(ProjectConfigurationPlatforms) = postSolution
		{5628C8C3-627F-45D1-BE95-BAAAC2A3AD5B}.Debug|Any CPU.ActiveCfg = Debug|Any CPU
		{5628C8C3-627F-45D1-BE95-BAAAC2A3AD5B}.Debug|Any CPU.Build.0 = Debug|Any CPU
		{5628C8C3-627F-45D1-BE95-BAAAC2A3AD5B}.Release|Any CPU.ActiveCfg = Release|Any CPU
		{5628C8C3-627F-45D1-BE95-BAAAC2A3AD5B}.Release|Any CPU.Build.0 = Release|Any CPU
		{5430273D-9348-4931-8CC2-16187B8E1F03}.Debug|Any CPU.ActiveCfg = Debug|Any CPU
		{5430273D-9348-4931-8CC2-16187B8E1F03}.Debug|Any CPU.Build.0 = Debug|Any CPU
		{5430273D-9348-4931-8CC2-16187B8E1F03}.Release|Any CPU.ActiveCfg = Release|Any CPU
		{5430273D-9348-4931-8CC2-16187B8E1F03}.Release|Any CPU.Build.0 = Release|Any CPU
	EndGlobalSection
	GlobalSection(SolutionProperties) = preSolution
		HideSolutionNode = FALSE
	EndGlobalSection
	GlobalSection(ExtensibilityGlobals) = postSolution
		SolutionGuid = {B48728A5-E9E3-48B8-AC34-41BE8A5379C8}
	EndGlobalSection
EndGlobal
